{
  "name": "here4solar-uk-solar-export-data",
  "version": "2.1.0",
  "lockfileVersion": 3,
  "requires": true,
  "packages": {
    "": {
      "name": "here4solar-uk-solar-export-data",
      "version": "2.1.0",
      "license": "CC-BY-4.0",
      "engines": {
        "node": ">=20"
      }
    }
  }
}
